
Microsoft Visual Studio Solution File, Format Version 12.00
# Visual Studio 2012
Project("{FAE04EC0-301F-11D3-BF4B-00C04F79EFBC}") = "ParticleFieldSimulation", "ParticleFieldSimulation.csproj", "{FCE9C74D-F425-4592-8DED-81FD0DBF6374}"
EndProject
Global
	GlobalSection(SolutionConfigurationPlatforms) = preSolution
		Debug|Any CPU = Debug|Any CPU
		Release|Any CPU = Release|Any CPU
	EndGlobalSection
	GlobalSection(ProjectConfigurationPlatforms) = postSolution
		{FCE9C74D-F425-4592-8DED-81FD0DBF6374}.Debug|Any CPU.ActiveCfg = Debug|Any CPU
		{FCE9C74D-F425-4592-8DED-81FD0DBF6374}.Debug|Any CPU.Build.0 = Debug|Any CPU
		{FCE9C74D-F425-4592-8DED-81FD0DBF6374}.Release|Any CPU.ActiveCfg = Release|Any CPU
		{FCE9C74D-F425-4592-8DED-81FD0DBF6374}.Release|Any CPU.Build.0 = Release|Any CPU
	EndGlobalSection
	GlobalSection(SolutionProperties) = preSolution
		HideSolutionNode = FALSE
	EndGlobalSection
EndGlobal
